// !$*UTF8*$!
{
	archiveVersion = 1;
	classes = {
	};
	objectVersion = 56;
	objects = {

/* Begin PBXBuildFile section */
		1711C5CF2CCDE6C30061C334 /* TabBar.swift in Sources */ = {isa = PBXBuildFile; fileRef = 1711C5CE2CCDE6C30061C334 /* TabBar.swift */; };
		171D51FA2CCE13F000F3EBA1 /* ChangeAvatarView.swift in Sources */ = {isa = PBXBuildFile; fileRef = 171D51F92CCE13F000F3EBA1 /* ChangeAvatarView.swift */; };
		171D51FD2CCE1AD000F3EBA1 /* OpenAI in Frameworks */ = {isa = PBXBuildFile; productRef = 171D51FC2CCE1AD000F3EBA1 /* OpenAI */; };
		171D51FF2CCE247000F3EBA1 /* OpenAI.swift in Sources */ = {isa = PBXBuildFile; fileRef = 171D51FE2CCE247000F3EBA1 /* OpenAI.swift */; };
		17C3165F2CCDFA39003550B5 /* Onboarding.swift in Sources */ = {isa = PBXBuildFile; fileRef = 17C3165E2CCDFA39003550B5 /* Onboarding.swift */; };
		17C316612CCDFDD5003550B5 /* SettingsView.swift in Sources */ = {isa = PBXBuildFile; fileRef = 17C316602CCDFDD5003550B5 /* SettingsView.swift */; };
		17CD07232CCD5F9100EE3B66 /* rowdypayApp.swift in Sources */ = {isa = PBXBuildFile; fileRef = 17CD07222CCD5F9100EE3B66 /* rowdypayApp.swift */; };
		17CD07272CCD5F9200EE3B66 /* Assets.xcassets in Resources */ = {isa = PBXBuildFile; fileRef = 17CD07262CCD5F9200EE3B66 /* Assets.xcassets */; };
		17CD072A2CCD5F9200EE3B66 /* Preview Assets.xcassets in Resources */ = {isa = PBXBuildFile; fileRef = 17CD07292CCD5F9200EE3B66 /* Preview Assets.xcassets */; };
		17CD07332CCD5FD300EE3B66 /* ProfileTab.swift in Sources */ = {isa = PBXBuildFile; fileRef = 17CD07322CCD5FD300EE3B66 /* ProfileTab.swift */; };
		17CD07362CCD5FE500EE3B66 /* AddTab.swift in Sources */ = {isa = PBXBuildFile; fileRef = 17CD07352CCD5FE500EE3B66 /* AddTab.swift */; };
		17CD07382CCD5FED00EE3B66 /* GroupsTab.swift in Sources */ = {isa = PBXBuildFile; fileRef = 17CD07372CCD5FED00EE3B66 /* GroupsTab.swift */; };
		17CD073A2CCD600200EE3B66 /* ViewModel.swift in Sources */ = {isa = PBXBuildFile; fileRef = 17CD07392CCD600200EE3B66 /* ViewModel.swift */; };
		17CD073C2CCD628200EE3B66 /* User.swift in Sources */ = {isa = PBXBuildFile; fileRef = 17CD073B2CCD628200EE3B66 /* User.swift */; };
		17CD073E2CCD628800EE3B66 /* Group.swift in Sources */ = {isa = PBXBuildFile; fileRef = 17CD073D2CCD628800EE3B66 /* Group.swift */; };
		17CD07402CCD628F00EE3B66 /* Payment.swift in Sources */ = {isa = PBXBuildFile; fileRef = 17CD073F2CCD628F00EE3B66 /* Payment.swift */; };
		17CD07422CCD644D00EE3B66 /* DataModel.swift in Sources */ = {isa = PBXBuildFile; fileRef = 17CD07412CCD644D00EE3B66 /* DataModel.swift */; };
		17CD074A2CCD6DF300EE3B66 /* GroupSubView.swift in Sources */ = {isa = PBXBuildFile; fileRef = 17CD07492CCD6DF300EE3B66 /* GroupSubView.swift */; };
		17CD074C2CCD785C00EE3B66 /* PaymentSubView.swift in Sources */ = {isa = PBXBuildFile; fileRef = 17CD074B2CCD785C00EE3B66 /* PaymentSubView.swift */; };
		17CD074E2CCD7C3B00EE3B66 /* Util.swift in Sources */ = {isa = PBXBuildFile; fileRef = 17CD074D2CCD7C3B00EE3B66 /* Util.swift */; };
		17DA9C502CCDA4E100F54F8B /* AddManuallyView.swift in Sources */ = {isa = PBXBuildFile; fileRef = 17DA9C4F2CCDA4E100F54F8B /* AddManuallyView.swift */; };
		17DA9C532CCDAB1200F54F8B /* SelectGroupView.swift in Sources */ = {isa = PBXBuildFile; fileRef = 17DA9C522CCDAB1200F54F8B /* SelectGroupView.swift */; };
		17DA9C552CCDBA0000F54F8B /* ScanReceiptView.swift in Sources */ = {isa = PBXBuildFile; fileRef = 17DA9C542CCDBA0000F54F8B /* ScanReceiptView.swift */; };
		17DA9C592CCDC8FC00F54F8B /* ConfirmAddFromReceiptView.swift in Sources */ = {isa = PBXBuildFile; fileRef = 17DA9C582CCDC8FC00F54F8B /* ConfirmAddFromReceiptView.swift */; };
		17DA9C5C2CCDD7C400F54F8B /* Shimmer in Frameworks */ = {isa = PBXBuildFile; productRef = 17DA9C5B2CCDD7C400F54F8B /* Shimmer */; };
		17FD4ED62CCE3C8C00D7A4E7 /* ReliabilityReportView.swift in Sources */ = {isa = PBXBuildFile; fileRef = 17FD4ED52CCE3C8C00D7A4E7 /* ReliabilityReportView.swift */; };
		AD86828A2CCDE62400336FD9 /* MakePayment.swift in Sources */ = {isa = PBXBuildFile; fileRef = AD8682892CCDE62400336FD9 /* MakePayment.swift */; };
		AD86828C2CCDF6AB00336FD9 /* CreateGroup.swift in Sources */ = {isa = PBXBuildFile; fileRef = AD86828B2CCDF6AB00336FD9 /* CreateGroup.swift */; };
		AD8682902CCE2F7300336FD9 /* ChangeGroupAvatarView.swift in Sources */ = {isa = PBXBuildFile; fileRef = AD86828F2CCE2F7300336FD9 /* ChangeGroupAvatarView.swift */; };
		ADCA4D582CCD8987008D4CEA /* GroupsDetail.swift in Sources */ = {isa = PBXBuildFile; fileRef = ADCA4D572CCD8987008D4CEA /* GroupsDetail.swift */; };
/* End PBXBuildFile section */

/* Begin PBXFileReference section */
		1711C5CE2CCDE6C30061C334 /* TabBar.swift */ = {isa = PBXFileReference; lastKnownFileType = sourcecode.swift; path = TabBar.swift; sourceTree = "<group>"; };
		171D51F92CCE13F000F3EBA1 /* ChangeAvatarView.swift */ = {isa = PBXFileReference; lastKnownFileType = sourcecode.swift; path = ChangeAvatarView.swift; sourceTree = "<group>"; };
		171D51FE2CCE247000F3EBA1 /* OpenAI.swift */ = {isa = PBXFileReference; lastKnownFileType = sourcecode.swift; path = OpenAI.swift; sourceTree = "<group>"; };
		17C3165E2CCDFA39003550B5 /* Onboarding.swift */ = {isa = PBXFileReference; lastKnownFileType = sourcecode.swift; path = Onboarding.swift; sourceTree = "<group>"; };
		17C316602CCDFDD5003550B5 /* SettingsView.swift */ = {isa = PBXFileReference; lastKnownFileType = sourcecode.swift; path = SettingsView.swift; sourceTree = "<group>"; };
		17CD071F2CCD5F9100EE3B66 /* rowdypay.app */ = {isa = PBXFileReference; explicitFileType = wrapper.application; includeInIndex = 0; path = rowdypay.app; sourceTree = BUILT_PRODUCTS_DIR; };
		17CD07222CCD5F9100EE3B66 /* rowdypayApp.swift */ = {isa = PBXFileReference; lastKnownFileType = sourcecode.swift; path = rowdypayApp.swift; sourceTree = "<group>"; };
		17CD07262CCD5F9200EE3B66 /* Assets.xcassets */ = {isa = PBXFileReference; lastKnownFileType = folder.assetcatalog; path = Assets.xcassets; sourceTree = "<group>"; };
		17CD07292CCD5F9200EE3B66 /* Preview Assets.xcassets */ = {isa = PBXFileReference; lastKnownFileType = folder.assetcatalog; path = "Preview Assets.xcassets"; sourceTree = "<group>"; };
		17CD07322CCD5FD300EE3B66 /* ProfileTab.swift */ = {isa = PBXFileReference; lastKnownFileType = sourcecode.swift; path = ProfileTab.swift; sourceTree = "<group>"; };
		17CD07352CCD5FE500EE3B66 /* AddTab.swift */ = {isa = PBXFileReference; lastKnownFileType = sourcecode.swift; path = AddTab.swift; sourceTree = "<group>"; };
		17CD07372CCD5FED00EE3B66 /* GroupsTab.swift */ = {isa = PBXFileReference; lastKnownFileType = sourcecode.swift; path = GroupsTab.swift; sourceTree = "<group>"; };
		17CD07392CCD600200EE3B66 /* ViewModel.swift */ = {isa = PBXFileReference; lastKnownFileType = sourcecode.swift; path = ViewModel.swift; sourceTree = "<group>"; };
		17CD073B2CCD628200EE3B66 /* User.swift */ = {isa = PBXFileReference; lastKnownFileType = sourcecode.swift; path = User.swift; sourceTree = "<group>"; };
		17CD073D2CCD628800EE3B66 /* Group.swift */ = {isa = PBXFileReference; lastKnownFileType = sourcecode.swift; path = Group.swift; sourceTree = "<group>"; };
		17CD073F2CCD628F00EE3B66 /* Payment.swift */ = {isa = PBXFileReference; lastKnownFileType = sourcecode.swift; path = Payment.swift; sourceTree = "<group>"; };
		17CD07412CCD644D00EE3B66 /* DataModel.swift */ = {isa = PBXFileReference; lastKnownFileType = sourcecode.swift; path = DataModel.swift; sourceTree = "<group>"; };
		17CD07482CCD699D00EE3B66 /* Info.plist */ = {isa = PBXFileReference; lastKnownFileType = text.plist; path = Info.plist; sourceTree = "<group>"; };
		17CD07492CCD6DF300EE3B66 /* GroupSubView.swift */ = {isa = PBXFileReference; lastKnownFileType = sourcecode.swift; path = GroupSubView.swift; sourceTree = "<group>"; };
		17CD074B2CCD785C00EE3B66 /* PaymentSubView.swift */ = {isa = PBXFileReference; lastKnownFileType = sourcecode.swift; path = PaymentSubView.swift; sourceTree = "<group>"; };
		17CD074D2CCD7C3B00EE3B66 /* Util.swift */ = {isa = PBXFileReference; lastKnownFileType = sourcecode.swift; path = Util.swift; sourceTree = "<group>"; };
		17DA9C4F2CCDA4E100F54F8B /* AddManuallyView.swift */ = {isa = PBXFileReference; lastKnownFileType = sourcecode.swift; path = AddManuallyView.swift; sourceTree = "<group>"; };
		17DA9C522CCDAB1200F54F8B /* SelectGroupView.swift */ = {isa = PBXFileReference; lastKnownFileType = sourcecode.swift; path = SelectGroupView.swift; sourceTree = "<group>"; };
		17DA9C542CCDBA0000F54F8B /* ScanReceiptView.swift */ = {isa = PBXFileReference; lastKnownFileType = sourcecode.swift; path = ScanReceiptView.swift; sourceTree = "<group>"; };
		17DA9C582CCDC8FC00F54F8B /* ConfirmAddFromReceiptView.swift */ = {isa = PBXFileReference; lastKnownFileType = sourcecode.swift; path = ConfirmAddFromReceiptView.swift; sourceTree = "<group>"; };
		17FD4ED52CCE3C8C00D7A4E7 /* ReliabilityReportView.swift */ = {isa = PBXFileReference; lastKnownFileType = sourcecode.swift; path = ReliabilityReportView.swift; sourceTree = "<group>"; };
		AD8682892CCDE62400336FD9 /* MakePayment.swift */ = {isa = PBXFileReference; lastKnownFileType = sourcecode.swift; path = MakePayment.swift; sourceTree = "<group>"; };
		AD86828B2CCDF6AB00336FD9 /* CreateGroup.swift */ = {isa = PBXFileReference; lastKnownFileType = sourcecode.swift; path = CreateGroup.swift; sourceTree = "<group>"; };
		AD86828F2CCE2F7300336FD9 /* ChangeGroupAvatarView.swift */ = {isa = PBXFileReference; lastKnownFileType = sourcecode.swift; path = ChangeGroupAvatarView.swift; sourceTree = "<group>"; };
		ADCA4D572CCD8987008D4CEA /* GroupsDetail.swift */ = {isa = PBXFileReference; lastKnownFileType = sourcecode.swift; path = GroupsDetail.swift; sourceTree = "<group>"; };
/* End PBXFileReference section */

/* Begin PBXFrameworksBuildPhase section */
		17CD071C2CCD5F9100EE3B66 /* Frameworks */ = {
			isa = PBXFrameworksBuildPhase;
			buildActionMask = 2147483647;
			files = (
				171D51FD2CCE1AD000F3EBA1 /* OpenAI in Frameworks */,
				17DA9C5C2CCDD7C400F54F8B /* Shimmer in Frameworks */,
			);
			runOnlyForDeploymentPostprocessing = 0;
		};
/* End PBXFrameworksBuildPhase section */

/* Begin PBXGroup section */
		17C3165D2CCDFA21003550B5 /* Onboarding */ = {
			isa = PBXGroup;
			children = (
				17C3165E2CCDFA39003550B5 /* Onboarding.swift */,
			);
			path = Onboarding;
			sourceTree = "<group>";
		};
		17CD07162CCD5F9100EE3B66 = {
			isa = PBXGroup;
			children = (
				17CD07212CCD5F9100EE3B66 /* rowdypay */,
				17CD07202CCD5F9100EE3B66 /* Products */,
			);
			sourceTree = "<group>";
		};
		17CD07202CCD5F9100EE3B66 /* Products */ = {
			isa = PBXGroup;
			children = (
				17CD071F2CCD5F9100EE3B66 /* rowdypay.app */,
			);
			name = Products;
			sourceTree = "<group>";
		};
		17CD07212CCD5F9100EE3B66 /* rowdypay */ = {
			isa = PBXGroup;
			children = (
				17CD07482CCD699D00EE3B66 /* Info.plist */,
				17CD07222CCD5F9100EE3B66 /* rowdypayApp.swift */,
				17CD07312CCD5FC300EE3B66 /* data */,
				17CD07302CCD5FBC00EE3B66 /* views */,
				17CD07262CCD5F9200EE3B66 /* Assets.xcassets */,
				17CD07282CCD5F9200EE3B66 /* Preview Content */,
			);
			path = rowdypay;
			sourceTree = "<group>";
		};
		17CD07282CCD5F9200EE3B66 /* Preview Content */ = {
			isa = PBXGroup;
			children = (
				17CD07292CCD5F9200EE3B66 /* Preview Assets.xcassets */,
			);
			path = "Preview Content";
			sourceTree = "<group>";
		};
		17CD07302CCD5FBC00EE3B66 /* views */ = {
			isa = PBXGroup;
			children = (
				17C3165D2CCDFA21003550B5 /* Onboarding */,
				17CD07472CCD658C00EE3B66 /* components */,
				17CD07452CCD656C00EE3B66 /* Groups */,
				17CD07442CCD656800EE3B66 /* Add */,
				17CD07432CCD656300EE3B66 /* Profile */,
			);
			path = views;
			sourceTree = "<group>";
		};
		17CD07312CCD5FC300EE3B66 /* data */ = {
			isa = PBXGroup;
			children = (
				17CD07392CCD600200EE3B66 /* ViewModel.swift */,
				17CD07412CCD644D00EE3B66 /* DataModel.swift */,
				17CD073B2CCD628200EE3B66 /* User.swift */,
				17CD073F2CCD628F00EE3B66 /* Payment.swift */,
				17CD073D2CCD628800EE3B66 /* Group.swift */,
				17CD074D2CCD7C3B00EE3B66 /* Util.swift */,
				171D51FE2CCE247000F3EBA1 /* OpenAI.swift */,
			);
			path = data;
			sourceTree = "<group>";
		};
		17CD07432CCD656300EE3B66 /* Profile */ = {
			isa = PBXGroup;
			children = (
				17CD07322CCD5FD300EE3B66 /* ProfileTab.swift */,
				17FD4ED52CCE3C8C00D7A4E7 /* ReliabilityReportView.swift */,
				171D51F92CCE13F000F3EBA1 /* ChangeAvatarView.swift */,
				17C316602CCDFDD5003550B5 /* SettingsView.swift */,
			);
			path = Profile;
			sourceTree = "<group>";
		};
		17CD07442CCD656800EE3B66 /* Add */ = {
			isa = PBXGroup;
			children = (
				17CD07352CCD5FE500EE3B66 /* AddTab.swift */,
				17DA9C522CCDAB1200F54F8B /* SelectGroupView.swift */,
				17DA9C4F2CCDA4E100F54F8B /* AddManuallyView.swift */,
				17DA9C542CCDBA0000F54F8B /* ScanReceiptView.swift */,
				17DA9C582CCDC8FC00F54F8B /* ConfirmAddFromReceiptView.swift */,
			);
			path = Add;
			sourceTree = "<group>";
		};
		17CD07452CCD656C00EE3B66 /* Groups */ = {
			isa = PBXGroup;
			children = (
				17CD07372CCD5FED00EE3B66 /* GroupsTab.swift */,
				AD86828F2CCE2F7300336FD9 /* ChangeGroupAvatarView.swift */,
				AD86828B2CCDF6AB00336FD9 /* CreateGroup.swift */,
				ADCA4D572CCD8987008D4CEA /* GroupsDetail.swift */,
				AD8682892CCDE62400336FD9 /* MakePayment.swift */,
			);
			path = Groups;
			sourceTree = "<group>";
		};
		17CD07472CCD658C00EE3B66 /* components */ = {
			isa = PBXGroup;
			children = (
				17CD07492CCD6DF300EE3B66 /* GroupSubView.swift */,
				17CD074B2CCD785C00EE3B66 /* PaymentSubView.swift */,
				1711C5CE2CCDE6C30061C334 /* TabBar.swift */,
			);
			path = components;
			sourceTree = "<group>";
		};
/* End PBXGroup section */

/* Begin PBXNativeTarget section */
		17CD071E2CCD5F9100EE3B66 /* rowdypay */ = {
			isa = PBXNativeTarget;
			buildConfigurationList = 17CD072D2CCD5F9200EE3B66 /* Build configuration list for PBXNativeTarget "rowdypay" */;
			buildPhases = (
				17CD071B2CCD5F9100EE3B66 /* Sources */,
				17CD071C2CCD5F9100EE3B66 /* Frameworks */,
				17CD071D2CCD5F9100EE3B66 /* Resources */,
			);
			buildRules = (
			);
			dependencies = (
			);
			name = rowdypay;
			packageProductDependencies = (
				17DA9C5B2CCDD7C400F54F8B /* Shimmer */,
				171D51FC2CCE1AD000F3EBA1 /* OpenAI */,
			);
			productName = rowdypay;
			productReference = 17CD071F2CCD5F9100EE3B66 /* rowdypay.app */;
			productType = "com.apple.product-type.application";
		};
/* End PBXNativeTarget section */

/* Begin PBXProject section */
		17CD07172CCD5F9100EE3B66 /* Project object */ = {
			isa = PBXProject;
			attributes = {
				BuildIndependentTargetsInParallel = 1;
				LastSwiftUpdateCheck = 1520;
				LastUpgradeCheck = 1520;
				TargetAttributes = {
					17CD071E2CCD5F9100EE3B66 = {
						CreatedOnToolsVersion = 15.2;
					};
				};
			};
			buildConfigurationList = 17CD071A2CCD5F9100EE3B66 /* Build configuration list for PBXProject "rowdypay" */;
			compatibilityVersion = "Xcode 14.0";
			developmentRegion = en;
			hasScannedForEncodings = 0;
			knownRegions = (
				en,
				Base,
			);
			mainGroup = 17CD07162CCD5F9100EE3B66;
			packageReferences = (
				17DA9C5A2CCDD7C400F54F8B /* XCRemoteSwiftPackageReference "SwiftUI-Shimmer" */,
				171D51FB2CCE1AD000F3EBA1 /* XCRemoteSwiftPackageReference "OpenAI" */,
			);
			productRefGroup = 17CD07202CCD5F9100EE3B66 /* Products */;
			projectDirPath = "";
			projectRoot = "";
			targets = (
				17CD071E2CCD5F9100EE3B66 /* rowdypay */,
			);
		};
/* End PBXProject section */

/* Begin PBXResourcesBuildPhase section */
		17CD071D2CCD5F9100EE3B66 /* Resources */ = {
			isa = PBXResourcesBuildPhase;
			buildActionMask = 2147483647;
			files = (
				17CD072A2CCD5F9200EE3B66 /* Preview Assets.xcassets in Resources */,
				17CD07272CCD5F9200EE3B66 /* Assets.xcassets in Resources */,
			);
			runOnlyForDeploymentPostprocessing = 0;
		};
/* End PBXResourcesBuildPhase section */

/* Begin PBXSourcesBuildPhase section */
		17CD071B2CCD5F9100EE3B66 /* Sources */ = {
			isa = PBXSourcesBuildPhase;
			buildActionMask = 2147483647;
			files = (
				17C316612CCDFDD5003550B5 /* SettingsView.swift in Sources */,
				17CD074C2CCD785C00EE3B66 /* PaymentSubView.swift in Sources */,
				17DA9C532CCDAB1200F54F8B /* SelectGroupView.swift in Sources */,
				171D51FF2CCE247000F3EBA1 /* OpenAI.swift in Sources */,
				17C3165F2CCDFA39003550B5 /* Onboarding.swift in Sources */,
				1711C5CF2CCDE6C30061C334 /* TabBar.swift in Sources */,
				17CD073E2CCD628800EE3B66 /* Group.swift in Sources */,
				17CD073A2CCD600200EE3B66 /* ViewModel.swift in Sources */,
				17CD07382CCD5FED00EE3B66 /* GroupsTab.swift in Sources */,
				17CD074A2CCD6DF300EE3B66 /* GroupSubView.swift in Sources */,
				AD8682902CCE2F7300336FD9 /* ChangeGroupAvatarView.swift in Sources */,
				17DA9C502CCDA4E100F54F8B /* AddManuallyView.swift in Sources */,
				17FD4ED62CCE3C8C00D7A4E7 /* ReliabilityReportView.swift in Sources */,
				17CD073C2CCD628200EE3B66 /* User.swift in Sources */,
				AD86828C2CCDF6AB00336FD9 /* CreateGroup.swift in Sources */,
				AD86828A2CCDE62400336FD9 /* MakePayment.swift in Sources */,
				17DA9C592CCDC8FC00F54F8B /* ConfirmAddFromReceiptView.swift in Sources */,
				17CD07232CCD5F9100EE3B66 /* rowdypayApp.swift in Sources */,
				17CD074E2CCD7C3B00EE3B66 /* Util.swift in Sources */,
				ADCA4D582CCD8987008D4CEA /* GroupsDetail.swift in Sources */,
				17CD07332CCD5FD300EE3B66 /* ProfileTab.swift in Sources */,
				17DA9C552CCDBA0000F54F8B /* ScanReceiptView.swift in Sources */,
				171D51FA2CCE13F000F3EBA1 /* ChangeAvatarView.swift in Sources */,
				17CD07402CCD628F00EE3B66 /* Payment.swift in Sources */,
				17CD07362CCD5FE500EE3B66 /* AddTab.swift in Sources */,
				17CD07422CCD644D00EE3B66 /* DataModel.swift in Sources */,
			);
			runOnlyForDeploymentPostprocessing = 0;
		};
/* End PBXSourcesBuildPhase section */

/* Begin XCBuildConfiguration section */
		17CD072B2CCD5F9200EE3B66 /* Debug */ = {
			isa = XCBuildConfiguration;
			buildSettings = {
				ALWAYS_SEARCH_USER_PATHS = NO;
				ASSETCATALOG_COMPILER_GENERATE_SWIFT_ASSET_SYMBOL_EXTENSIONS = YES;
				CLANG_ANALYZER_NONNULL = YES;
				CLANG_ANALYZER_NUMBER_OBJECT_CONVERSION = YES_AGGRESSIVE;
				CLANG_CXX_LANGUAGE_STANDARD = "gnu++20";
				CLANG_ENABLE_MODULES = YES;
				CLANG_ENABLE_OBJC_ARC = YES;
				CLANG_ENABLE_OBJC_WEAK = YES;
				CLANG_WARN_BLOCK_CAPTURE_AUTORELEASING = YES;
				CLANG_WARN_BOOL_CONVERSION = YES;
				CLANG_WARN_COMMA = YES;
				CLANG_WARN_CONSTANT_CONVERSION = YES;
				CLANG_WARN_DEPRECATED_OBJC_IMPLEMENTATIONS = YES;
				CLANG_WARN_DIRECT_OBJC_ISA_USAGE = YES_ERROR;
				CLANG_WARN_DOCUMENTATION_COMMENTS = YES;
				CLANG_WARN_EMPTY_BODY = YES;
				CLANG_WARN_ENUM_CONVERSION = YES;
				CLANG_WARN_INFINITE_RECURSION = YES;
				CLANG_WARN_INT_CONVERSION = YES;
				CLANG_WARN_NON_LITERAL_NULL_CONVERSION = YES;
				CLANG_WARN_OBJC_IMPLICIT_RETAIN_SELF = YES;
				CLANG_WARN_OBJC_LITERAL_CONVERSION = YES;
				CLANG_WARN_OBJC_ROOT_CLASS = YES_ERROR;
				CLANG_WARN_QUOTED_INCLUDE_IN_FRAMEWORK_HEADER = YES;
				CLANG_WARN_RANGE_LOOP_ANALYSIS = YES;
				CLANG_WARN_STRICT_PROTOTYPES = YES;
				CLANG_WARN_SUSPICIOUS_MOVE = YES;
				CLANG_WARN_UNGUARDED_AVAILABILITY = YES_AGGRESSIVE;
				CLANG_WARN_UNREACHABLE_CODE = YES;
				CLANG_WARN__DUPLICATE_METHOD_MATCH = YES;
				COPY_PHASE_STRIP = NO;
				DEBUG_INFORMATION_FORMAT = dwarf;
				ENABLE_STRICT_OBJC_MSGSEND = YES;
				ENABLE_TESTABILITY = YES;
				ENABLE_USER_SCRIPT_SANDBOXING = YES;
				GCC_C_LANGUAGE_STANDARD = gnu17;
				GCC_DYNAMIC_NO_PIC = NO;
				GCC_NO_COMMON_BLOCKS = YES;
				GCC_OPTIMIZATION_LEVEL = 0;
				GCC_PREPROCESSOR_DEFINITIONS = (
					"DEBUG=1",
					"$(inherited)",
				);
				GCC_WARN_64_TO_32_BIT_CONVERSION = YES;
				GCC_WARN_ABOUT_RETURN_TYPE = YES_ERROR;
				GCC_WARN_UNDECLARED_SELECTOR = YES;
				GCC_WARN_UNINITIALIZED_AUTOS = YES_AGGRESSIVE;
				GCC_WARN_UNUSED_FUNCTION = YES;
				GCC_WARN_UNUSED_VARIABLE = YES;
				IPHONEOS_DEPLOYMENT_TARGET = 17.2;
				LOCALIZATION_PREFERS_STRING_CATALOGS = YES;
				MTL_ENABLE_DEBUG_INFO = INCLUDE_SOURCE;
				MTL_FAST_MATH = YES;
				ONLY_ACTIVE_ARCH = YES;
				SDKROOT = iphoneos;
				SWIFT_ACTIVE_COMPILATION_CONDITIONS = "DEBUG $(inherited)";
				SWIFT_OPTIMIZATION_LEVEL = "-Onone";
			};
			name = Debug;
		};
		17CD072C2CCD5F9200EE3B66 /* Release */ = {
			isa = XCBuildConfiguration;
			buildSettings = {
				ALWAYS_SEARCH_USER_PATHS = NO;
				ASSETCATALOG_COMPILER_GENERATE_SWIFT_ASSET_SYMBOL_EXTENSIONS = YES;
				CLANG_ANALYZER_NONNULL = YES;
				CLANG_ANALYZER_NUMBER_OBJECT_CONVERSION = YES_AGGRESSIVE;
				CLANG_CXX_LANGUAGE_STANDARD = "gnu++20";
				CLANG_ENABLE_MODULES = YES;
				CLANG_ENABLE_OBJC_ARC = YES;
				CLANG_ENABLE_OBJC_WEAK = YES;
				CLANG_WARN_BLOCK_CAPTURE_AUTORELEASING = YES;
				CLANG_WARN_BOOL_CONVERSION = YES;
				CLANG_WARN_COMMA = YES;
				CLANG_WARN_CONSTANT_CONVERSION = YES;
				CLANG_WARN_DEPRECATED_OBJC_IMPLEMENTATIONS = YES;
				CLANG_WARN_DIRECT_OBJC_ISA_USAGE = YES_ERROR;
				CLANG_WARN_DOCUMENTATION_COMMENTS = YES;
				CLANG_WARN_EMPTY_BODY = YES;
				CLANG_WARN_ENUM_CONVERSION = YES;
				CLANG_WARN_INFINITE_RECURSION = YES;
				CLANG_WARN_INT_CONVERSION = YES;
				CLANG_WARN_NON_LITERAL_NULL_CONVERSION = YES;
				CLANG_WARN_OBJC_IMPLICIT_RETAIN_SELF = YES;
				CLANG_WARN_OBJC_LITERAL_CONVERSION = YES;
				CLANG_WARN_OBJC_ROOT_CLASS = YES_ERROR;
				CLANG_WARN_QUOTED_INCLUDE_IN_FRAMEWORK_HEADER = YES;
				CLANG_WARN_RANGE_LOOP_ANALYSIS = YES;
				CLANG_WARN_STRICT_PROTOTYPES = YES;
				CLANG_WARN_SUSPICIOUS_MOVE = YES;
				CLANG_WARN_UNGUARDED_AVAILABILITY = YES_AGGRESSIVE;
				CLANG_WARN_UNREACHABLE_CODE = YES;
				CLANG_WARN__DUPLICATE_METHOD_MATCH = YES;
				COPY_PHASE_STRIP = NO;
				DEBUG_INFORMATION_FORMAT = "dwarf-with-dsym";
				ENABLE_NS_ASSERTIONS = NO;
				ENABLE_STRICT_OBJC_MSGSEND = YES;
				ENABLE_USER_SCRIPT_SANDBOXING = YES;
				GCC_C_LANGUAGE_STANDARD = gnu17;
				GCC_NO_COMMON_BLOCKS = YES;
				GCC_WARN_64_TO_32_BIT_CONVERSION = YES;
				GCC_WARN_ABOUT_RETURN_TYPE = YES_ERROR;
				GCC_WARN_UNDECLARED_SELECTOR = YES;
				GCC_WARN_UNINITIALIZED_AUTOS = YES_AGGRESSIVE;
				GCC_WARN_UNUSED_FUNCTION = YES;
				GCC_WARN_UNUSED_VARIABLE = YES;
				IPHONEOS_DEPLOYMENT_TARGET = 17.2;
				LOCALIZATION_PREFERS_STRING_CATALOGS = YES;
				MTL_ENABLE_DEBUG_INFO = NO;
				MTL_FAST_MATH = YES;
				SDKROOT = iphoneos;
				SWIFT_COMPILATION_MODE = wholemodule;
				VALIDATE_PRODUCT = YES;
			};
			name = Release;
		};
		17CD072E2CCD5F9200EE3B66 /* Debug */ = {
			isa = XCBuildConfiguration;
			buildSettings = {
				ASSETCATALOG_COMPILER_APPICON_NAME = AppIcon;
				ASSETCATALOG_COMPILER_GLOBAL_ACCENT_COLOR_NAME = AccentColor;
				CODE_SIGN_STYLE = Automatic;
				CURRENT_PROJECT_VERSION = 1;
				DEVELOPMENT_ASSET_PATHS = "\"rowdypay/Preview Content\"";
				DEVELOPMENT_TEAM = FZ5A2D4WW8;
				ENABLE_PREVIEWS = YES;
				GENERATE_INFOPLIST_FILE = YES;
				INFOPLIST_FILE = rowdypay/Info.plist;
				INFOPLIST_KEY_CFBundleDisplayName = RowdyPay;
				INFOPLIST_KEY_UIApplicationSceneManifest_Generation = YES;
				INFOPLIST_KEY_UIApplicationSupportsIndirectInputEvents = YES;
				INFOPLIST_KEY_UILaunchScreen_Generation = YES;
				INFOPLIST_KEY_UISupportedInterfaceOrientations_iPad = "UIInterfaceOrientationPortrait UIInterfaceOrientationPortraitUpsideDown UIInterfaceOrientationLandscapeLeft UIInterfaceOrientationLandscapeRight";
				INFOPLIST_KEY_UISupportedInterfaceOrientations_iPhone = "UIInterfaceOrientationPortrait UIInterfaceOrientationLandscapeLeft UIInterfaceOrientationLandscapeRight";
				LD_RUNPATH_SEARCH_PATHS = (
					"$(inherited)",
					"@executable_path/Frameworks",
				);
				MARKETING_VERSION = 1.0;
				PRODUCT_BUNDLE_IDENTIFIER = ajs2003.rowdypay;
				PRODUCT_NAME = "$(TARGET_NAME)";
				SWIFT_EMIT_LOC_STRINGS = YES;
				SWIFT_VERSION = 5.0;
				TARGETED_DEVICE_FAMILY = "1,2";
			};
			name = Debug;
		};
		17CD072F2CCD5F9200EE3B66 /* Release */ = {
			isa = XCBuildConfiguration;
			buildSettings = {
				ASSETCATALOG_COMPILER_APPICON_NAME = AppIcon;
				ASSETCATALOG_COMPILER_GLOBAL_ACCENT_COLOR_NAME = AccentColor;
				CODE_SIGN_STYLE = Automatic;
				CURRENT_PROJECT_VERSION = 1;
				DEVELOPMENT_ASSET_PATHS = "\"rowdypay/Preview Content\"";
				DEVELOPMENT_TEAM = FZ5A2D4WW8;
				ENABLE_PREVIEWS = YES;
				GENERATE_INFOPLIST_FILE = YES;
				INFOPLIST_FILE = rowdypay/Info.plist;
				INFOPLIST_KEY_CFBundleDisplayName = RowdyPay;
				INFOPLIST_KEY_UIApplicationSceneManifest_Generation = YES;
				INFOPLIST_KEY_UIApplicationSupportsIndirectInputEvents = YES;
				INFOPLIST_KEY_UILaunchScreen_Generation = YES;
				INFOPLIST_KEY_UISupportedInterfaceOrientations_iPad = "UIInterfaceOrientationPortrait UIInterfaceOrientationPortraitUpsideDown UIInterfaceOrientationLandscapeLeft UIInterfaceOrientationLandscapeRight";
				INFOPLIST_KEY_UISupportedInterfaceOrientations_iPhone = "UIInterfaceOrientationPortrait UIInterfaceOrientationLandscapeLeft UIInterfaceOrientationLandscapeRight";
				LD_RUNPATH_SEARCH_PATHS = (
					"$(inherited)",
					"@executable_path/Frameworks",
				);
				MARKETING_VERSION = 1.0;
				PRODUCT_BUNDLE_IDENTIFIER = ajs2003.rowdypay;
				PRODUCT_NAME = "$(TARGET_NAME)";
				SWIFT_EMIT_LOC_STRINGS = YES;
				SWIFT_VERSION = 5.0;
				TARGETED_DEVICE_FAMILY = "1,2";
			};
			name = Release;
		};
/* End XCBuildConfiguration section */

/* Begin XCConfigurationList section */
		17CD071A2CCD5F9100EE3B66 /* Build configuration list for PBXProject "rowdypay" */ = {
			isa = XCConfigurationList;
			buildConfigurations = (
				17CD072B2CCD5F9200EE3B66 /* Debug */,
				17CD072C2CCD5F9200EE3B66 /* Release */,
			);
			defaultConfigurationIsVisible = 0;
			defaultConfigurationName = Release;
		};
		17CD072D2CCD5F9200EE3B66 /* Build configuration list for PBXNativeTarget "rowdypay" */ = {
			isa = XCConfigurationList;
			buildConfigurations = (
				17CD072E2CCD5F9200EE3B66 /* Debug */,
				17CD072F2CCD5F9200EE3B66 /* Release */,
			);
			defaultConfigurationIsVisible = 0;
			defaultConfigurationName = Release;
		};
/* End XCConfigurationList section */

/* Begin XCRemoteSwiftPackageReference section */
		171D51FB2CCE1AD000F3EBA1 /* XCRemoteSwiftPackageReference "OpenAI" */ = {
			isa = XCRemoteSwiftPackageReference;
			repositoryURL = "https://github.com/MacPaw/OpenAI.git";
			requirement = {
				kind = upToNextMajorVersion;
				minimumVersion = 0.3.0;
			};
		};
		17DA9C5A2CCDD7C400F54F8B /* XCRemoteSwiftPackageReference "SwiftUI-Shimmer" */ = {
			isa = XCRemoteSwiftPackageReference;
			repositoryURL = "https://github.com/markiv/SwiftUI-Shimmer";
			requirement = {
				kind = upToNextMajorVersion;
				minimumVersion = 1.5.1;
			};
		};
/* End XCRemoteSwiftPackageReference section */

/* Begin XCSwiftPackageProductDependency section */
		171D51FC2CCE1AD000F3EBA1 /* OpenAI */ = {
			isa = XCSwiftPackageProductDependency;
			package = 171D51FB2CCE1AD000F3EBA1 /* XCRemoteSwiftPackageReference "OpenAI" */;
			productName = OpenAI;
		};
		17DA9C5B2CCDD7C400F54F8B /* Shimmer */ = {
			isa = XCSwiftPackageProductDependency;
			package = 17DA9C5A2CCDD7C400F54F8B /* XCRemoteSwiftPackageReference "SwiftUI-Shimmer" */;
			productName = Shimmer;
		};
/* End XCSwiftPackageProductDependency section */
	};
	rootObject = 17CD07172CCD5F9100EE3B66 /* Project object */;
}
